
Microsoft Visual Studio Solution File, Format Version 12.00
# Visual Studio Version 16
VisualStudioVersion = 16.0.31515.178
MinimumVisualStudioVersion = 10.0.40219.1
Project("{FAE04EC0-301F-11D3-BF4B-00C04F79EFBC}") = "PizzaShop", "PizzaShop.csproj", "{EC7B11FA-DA70-4ED9-9AA9-26E43CAAE5ED}"
EndProject
Global
	GlobalSection(SolutionConfigurationPlatforms) = preSolution
		Debug|Any CPU = Debug|Any CPU
		Release|Any CPU = Release|Any CPU
	EndGlobalSection
	GlobalSection(ProjectConfigurationPlatforms) = postSolution
		{EC7B11FA-DA70-4ED9-9AA9-26E43CAAE5ED}.Debug|Any CPU.ActiveCfg = Debug|Any CPU
		{EC7B11FA-DA70-4ED9-9AA9-26E43CAAE5ED}.Debug|Any CPU.Build.0 = Debug|Any CPU
		{EC7B11FA-DA70-4ED9-9AA9-26E43CAAE5ED}.Release|Any CPU.ActiveCfg = Release|Any CPU
		{EC7B11FA-DA70-4ED9-9AA9-26E43CAAE5ED}.Release|Any CPU.Build.0 = Release|Any CPU
	EndGlobalSection
	GlobalSection(SolutionProperties) = preSolution
		HideSolutionNode = FALSE
	EndGlobalSection
	GlobalSection(ExtensibilityGlobals) = postSolution
		SolutionGuid = {BCC153D3-8E1A-47A9-832B-95D8C28C22AB}
	EndGlobalSection
EndGlobal
